
Microsoft Visual Studio Solution File, Format Version 12.00
# Visual Studio Version 17
VisualStudioVersion = 17.8.34525.116
MinimumVisualStudioVersion = 10.0.40219.1
Project("{8BC9CEB8-8B4A-11D0-8D11-00A0C91BC942}") = "Double Linked Lists", "Double Linked Lists\Double Linked Lists.vcxproj", "{6B632BE5-2701-476D-A0B2-2B5AD53EB833}"
EndProject
Global
	GlobalSection(SolutionConfigurationPlatforms) = preSolution
		Debug|x64 = Debug|x64
		Debug|x86 = Debug|x86
		Release|x64 = Release|x64
		Release|x86 = Release|x86
	EndGlobalSection
	GlobalSection(ProjectConfigurationPlatforms) = postSolution
		{6B632BE5-2701-476D-A0B2-2B5AD53EB833}.Debug|x64.ActiveCfg = Debug|x64
		{6B632BE5-2701-476D-A0B2-2B5AD53EB833}.Debug|x64.Build.0 = Debug|x64
		{6B632BE5-2701-476D-A0B2-2B5AD53EB833}.Debug|x86.ActiveCfg = Debug|Win32
		{6B632BE5-2701-476D-A0B2-2B5AD53EB833}.Debug|x86.Build.0 = Debug|Win32
		{6B632BE5-2701-476D-A0B2-2B5AD53EB833}.Release|x64.ActiveCfg = Release|x64
		{6B632BE5-2701-476D-A0B2-2B5AD53EB833}.Release|x64.Build.0 = Release|x64
		{6B632BE5-2701-476D-A0B2-2B5AD53EB833}.Release|x86.ActiveCfg = Release|Win32
		{6B632BE5-2701-476D-A0B2-2B5AD53EB833}.Release|x86.Build.0 = Release|Win32
	EndGlobalSection
	GlobalSection(SolutionProperties) = preSolution
		HideSolutionNode = FALSE
	EndGlobalSection
	GlobalSection(ExtensibilityGlobals) = postSolution
		SolutionGuid = {A0940492-2245-4DBA-94D5-36E07D05D4FD}
	EndGlobalSection
EndGlobal
